
Microsoft Visual Studio Solution File, Format Version 12.00
# Visual Studio Version 17
VisualStudioVersion = 17.0.31912.275
MinimumVisualStudioVersion = 10.0.40219.1
Project("{9A19103F-16F7-4668-BE54-9A1E7A4F7556}") = "MatchDataRequester", "MatchDataRequester\MatchDataRequester.csproj", "{2EF00357-7B2D-44FC-A254-8F216DB69C8A}"
EndProject
Project("{9A19103F-16F7-4668-BE54-9A1E7A4F7556}") = "WebApp", "WebApp\WebApp.csproj", "{426820EB-B873-473B-A990-8DBF6DB76BD8}"
EndProject
Project("{9A19103F-16F7-4668-BE54-9A1E7A4F7556}") = "Repo", "Repo\Repo.csproj", "{6116CB40-D876-477C-9F3D-D9B4296E85CF}"
EndProject
Project("{9A19103F-16F7-4668-BE54-9A1E7A4F7556}") = "Core", "Core\Core.csproj", "{89C88DB3-8EEF-408C-88D1-2EC3B64560A3}"
EndProject
Project("{00D1A9C2-B5F0-4AF3-8072-F6C62B433612}") = "Database", "Database\Database.sqlproj", "{AE03F5FC-241E-4A6E-813E-11C4BDDB2257}"
EndProject
Global
	GlobalSection(SolutionConfigurationPlatforms) = preSolution
		Debug|Any CPU = Debug|Any CPU
		Release|Any CPU = Release|Any CPU
	EndGlobalSection
	GlobalSection(ProjectConfigurationPlatforms) = postSolution
		{2EF00357-7B2D-44FC-A254-8F216DB69C8A}.Debug|Any CPU.ActiveCfg = Debug|Any CPU
		{2EF00357-7B2D-44FC-A254-8F216DB69C8A}.Debug|Any CPU.Build.0 = Debug|Any CPU
		{2EF00357-7B2D-44FC-A254-8F216DB69C8A}.Release|Any CPU.ActiveCfg = Release|Any CPU
		{2EF00357-7B2D-44FC-A254-8F216DB69C8A}.Release|Any CPU.Build.0 = Release|Any CPU
		{426820EB-B873-473B-A990-8DBF6DB76BD8}.Debug|Any CPU.ActiveCfg = Debug|Any CPU
		{426820EB-B873-473B-A990-8DBF6DB76BD8}.Debug|Any CPU.Build.0 = Debug|Any CPU
		{426820EB-B873-473B-A990-8DBF6DB76BD8}.Release|Any CPU.ActiveCfg = Release|Any CPU
		{426820EB-B873-473B-A990-8DBF6DB76BD8}.Release|Any CPU.Build.0 = Release|Any CPU
		{6116CB40-D876-477C-9F3D-D9B4296E85CF}.Debug|Any CPU.ActiveCfg = Debug|Any CPU
		{6116CB40-D876-477C-9F3D-D9B4296E85CF}.Debug|Any CPU.Build.0 = Debug|Any CPU
		{6116CB40-D876-477C-9F3D-D9B4296E85CF}.Release|Any CPU.ActiveCfg = Release|Any CPU
		{6116CB40-D876-477C-9F3D-D9B4296E85CF}.Release|Any CPU.Build.0 = Release|Any CPU
		{89C88DB3-8EEF-408C-88D1-2EC3B64560A3}.Debug|Any CPU.ActiveCfg = Debug|Any CPU
		{89C88DB3-8EEF-408C-88D1-2EC3B64560A3}.Debug|Any CPU.Build.0 = Debug|Any CPU
		{89C88DB3-8EEF-408C-88D1-2EC3B64560A3}.Release|Any CPU.ActiveCfg = Release|Any CPU
		{89C88DB3-8EEF-408C-88D1-2EC3B64560A3}.Release|Any CPU.Build.0 = Release|Any CPU
		{AE03F5FC-241E-4A6E-813E-11C4BDDB2257}.Debug|Any CPU.ActiveCfg = Debug|Any CPU
		{AE03F5FC-241E-4A6E-813E-11C4BDDB2257}.Debug|Any CPU.Build.0 = Debug|Any CPU
		{AE03F5FC-241E-4A6E-813E-11C4BDDB2257}.Debug|Any CPU.Deploy.0 = Debug|Any CPU
		{AE03F5FC-241E-4A6E-813E-11C4BDDB2257}.Release|Any CPU.ActiveCfg = Release|Any CPU
		{AE03F5FC-241E-4A6E-813E-11C4BDDB2257}.Release|Any CPU.Build.0 = Release|Any CPU
		{AE03F5FC-241E-4A6E-813E-11C4BDDB2257}.Release|Any CPU.Deploy.0 = Release|Any CPU
	EndGlobalSection
	GlobalSection(SolutionProperties) = preSolution
		HideSolutionNode = FALSE
	EndGlobalSection
	GlobalSection(ExtensibilityGlobals) = postSolution
		SolutionGuid = {5515AE35-16AB-409F-98B6-14AD8E64291E}
	EndGlobalSection
EndGlobal
